
Microsoft Visual Studio Solution File, Format Version 12.00
# Visual Studio 15
VisualStudioVersion = 15.0.27130.2036
MinimumVisualStudioVersion = 10.0.40219.1
Project("{9A19103F-16F7-4668-BE54-9A1E7A4F7556}") = "Core", "Core\Core.csproj", "{73C12A66-50FF-4E46-9898-1E97DB15EFEB}"
EndProject
Project("{FAE04EC0-301F-11D3-BF4B-00C04F79EFBC}") = "CoreTest", "CoreTest\CoreTest.csproj", "{806976BA-98C4-4F9C-A7D8-F9640F8C24B1}"
EndProject
Project("{9A19103F-16F7-4668-BE54-9A1E7A4F7556}") = "Persistence", "Persistence\Persistence.csproj", "{117280EF-DA20-4B6D-BF03-E8D677C7AD7D}"
EndProject
Project("{FAE04EC0-301F-11D3-BF4B-00C04F79EFBC}") = "PersistenceTest", "PersistenceTest\PersistenceTest.csproj", "{C8742C97-C163-408F-A523-2CD0BE51B67F}"
EndProject
Project("{FAE04EC0-301F-11D3-BF4B-00C04F79EFBC}") = "IO", "IO\IO.csproj", "{2119F484-0560-412D-933D-D2D1E042CFD3}"
EndProject
Project("{FAE04EC0-301F-11D3-BF4B-00C04F79EFBC}") = "IOTest", "IOTest\IOTest.csproj", "{C14A729E-7D18-4DD1-87F4-581B1DFE857B}"
EndProject
Global
	GlobalSection(SolutionConfigurationPlatforms) = preSolution
		Debug|Any CPU = Debug|Any CPU
		Release|Any CPU = Release|Any CPU
	EndGlobalSection
	GlobalSection(ProjectConfigurationPlatforms) = postSolution
		{73C12A66-50FF-4E46-9898-1E97DB15EFEB}.Debug|Any CPU.ActiveCfg = Debug|Any CPU
		{73C12A66-50FF-4E46-9898-1E97DB15EFEB}.Debug|Any CPU.Build.0 = Debug|Any CPU
		{73C12A66-50FF-4E46-9898-1E97DB15EFEB}.Release|Any CPU.ActiveCfg = Release|Any CPU
		{73C12A66-50FF-4E46-9898-1E97DB15EFEB}.Release|Any CPU.Build.0 = Release|Any CPU
		{806976BA-98C4-4F9C-A7D8-F9640F8C24B1}.Debug|Any CPU.ActiveCfg = Debug|Any CPU
		{806976BA-98C4-4F9C-A7D8-F9640F8C24B1}.Debug|Any CPU.Build.0 = Debug|Any CPU
		{806976BA-98C4-4F9C-A7D8-F9640F8C24B1}.Release|Any CPU.ActiveCfg = Release|Any CPU
		{806976BA-98C4-4F9C-A7D8-F9640F8C24B1}.Release|Any CPU.Build.0 = Release|Any CPU
		{117280EF-DA20-4B6D-BF03-E8D677C7AD7D}.Debug|Any CPU.ActiveCfg = Debug|Any CPU
		{117280EF-DA20-4B6D-BF03-E8D677C7AD7D}.Debug|Any CPU.Build.0 = Debug|Any CPU
		{117280EF-DA20-4B6D-BF03-E8D677C7AD7D}.Release|Any CPU.ActiveCfg = Release|Any CPU
		{117280EF-DA20-4B6D-BF03-E8D677C7AD7D}.Release|Any CPU.Build.0 = Release|Any CPU
		{C8742C97-C163-408F-A523-2CD0BE51B67F}.Debug|Any CPU.ActiveCfg = Debug|Any CPU
		{C8742C97-C163-408F-A523-2CD0BE51B67F}.Debug|Any CPU.Build.0 = Debug|Any CPU
		{C8742C97-C163-408F-A523-2CD0BE51B67F}.Release|Any CPU.ActiveCfg = Release|Any CPU
		{C8742C97-C163-408F-A523-2CD0BE51B67F}.Release|Any CPU.Build.0 = Release|Any CPU
		{2119F484-0560-412D-933D-D2D1E042CFD3}.Debug|Any CPU.ActiveCfg = Debug|Any CPU
		{2119F484-0560-412D-933D-D2D1E042CFD3}.Debug|Any CPU.Build.0 = Debug|Any CPU
		{2119F484-0560-412D-933D-D2D1E042CFD3}.Release|Any CPU.ActiveCfg = Release|Any CPU
		{2119F484-0560-412D-933D-D2D1E042CFD3}.Release|Any CPU.Build.0 = Release|Any CPU
		{C14A729E-7D18-4DD1-87F4-581B1DFE857B}.Debug|Any CPU.ActiveCfg = Debug|Any CPU
		{C14A729E-7D18-4DD1-87F4-581B1DFE857B}.Debug|Any CPU.Build.0 = Debug|Any CPU
		{C14A729E-7D18-4DD1-87F4-581B1DFE857B}.Release|Any CPU.ActiveCfg = Release|Any CPU
		{C14A729E-7D18-4DD1-87F4-581B1DFE857B}.Release|Any CPU.Build.0 = Release|Any CPU
	EndGlobalSection
	GlobalSection(SolutionProperties) = preSolution
		HideSolutionNode = FALSE
	EndGlobalSection
	GlobalSection(ExtensibilityGlobals) = postSolution
		SolutionGuid = {ADEA3772-2242-4401-B827-A3FD837D11E1}
	EndGlobalSection
EndGlobal
